// !$*UTF8*$!
{
	archiveVersion = 1;
	classes = {
	};
	objectVersion = 54;
	objects = {

/* Begin PBXBuildFile section */
		4612905129E1B910006D4302 /* LTPopup.xib in Resources */ = {isa = PBXBuildFile; fileRef = 4612904D29E1B910006D4302 /* LTPopup.xib */; };
		4612905229E1B910006D4302 /* LTVersionCheck.m in Sources */ = {isa = PBXBuildFile; fileRef = 4612904F29E1B910006D4302 /* LTVersionCheck.m */; };
		4612905329E1B910006D4302 /* LTPopup.m in Sources */ = {isa = PBXBuildFile; fileRef = 4612905029E1B910006D4302 /* LTPopup.m */; };
		4636F41429C104DF006CFB3E /* blink-32.png in Resources */ = {isa = PBXBuildFile; fileRef = 4636F40D29C104DF006CFB3E /* blink-32.png */; };
		4636F41529C104DF006CFB3E /* blink-512.png in Resources */ = {isa = PBXBuildFile; fileRef = 4636F40E29C104DF006CFB3E /* blink-512.png */; };
		4636F41629C104DF006CFB3E /* blink-256.png in Resources */ = {isa = PBXBuildFile; fileRef = 4636F40F29C104DF006CFB3E /* blink-256.png */; };
		4636F41729C104DF006CFB3E /* blink-16.png in Resources */ = {isa = PBXBuildFile; fileRef = 4636F41029C104DF006CFB3E /* blink-16.png */; };
		4636F41829C104DF006CFB3E /* blink-128.png in Resources */ = {isa = PBXBuildFile; fileRef = 4636F41129C104DF006CFB3E /* blink-128.png */; };
		4636F41929C104DF006CFB3E /* blink-64.png in Resources */ = {isa = PBXBuildFile; fileRef = 4636F41229C104DF006CFB3E /* blink-64.png */; };
		4636F41A29C104DF006CFB3E /* blink-1024.png in Resources */ = {isa = PBXBuildFile; fileRef = 4636F41329C104DF006CFB3E /* blink-1024.png */; };
		4649A2F526DCF8B5006A38B8 /* AppDelegate.m in Sources */ = {isa = PBXBuildFile; fileRef = 4649A2F426DCF8B5006A38B8 /* AppDelegate.m */; };
		4649A2F726DCF8B6006A38B8 /* Assets.xcassets in Resources */ = {isa = PBXBuildFile; fileRef = 4649A2F626DCF8B6006A38B8 /* Assets.xcassets */; };
		4649A2FA26DCF8B6006A38B8 /* MainMenu.xib in Resources */ = {isa = PBXBuildFile; fileRef = 4649A2F826DCF8B6006A38B8 /* MainMenu.xib */; };
		4649A2FD26DCF8B6006A38B8 /* main.m in Sources */ = {isa = PBXBuildFile; fileRef = 4649A2FC26DCF8B6006A38B8 /* main.m */; };
		4649A30A26DD8EAA006A38B8 /* LTPrefs.m in Sources */ = {isa = PBXBuildFile; fileRef = 4649A30826DD8EAA006A38B8 /* LTPrefs.m */; };
		4649A30B26DD8EAA006A38B8 /* LTPrefs.xib in Resources */ = {isa = PBXBuildFile; fileRef = 4649A30926DD8EAA006A38B8 /* LTPrefs.xib */; };
		46BDD5D5299D43FF006FF928 /* Credits.html in Resources */ = {isa = PBXBuildFile; fileRef = 46BDD5D4299D43FF006FF928 /* Credits.html */; };
		46BDD5E5299D73D1006FF928 /* help in Resources */ = {isa = PBXBuildFile; fileRef = 46BDD5E4299D73D1006FF928 /* help */; };
/* End PBXBuildFile section */

/* Begin PBXFileReference section */
		4612904C29E1B910006D4302 /* LTPopup.h */ = {isa = PBXFileReference; fileEncoding = 4; lastKnownFileType = sourcecode.c.h; path = LTPopup.h; sourceTree = "<group>"; };
		4612904D29E1B910006D4302 /* LTPopup.xib */ = {isa = PBXFileReference; fileEncoding = 4; lastKnownFileType = file.xib; path = LTPopup.xib; sourceTree = "<group>"; };
		4612904E29E1B910006D4302 /* LTVersionCheck.h */ = {isa = PBXFileReference; fileEncoding = 4; lastKnownFileType = sourcecode.c.h; path = LTVersionCheck.h; sourceTree = "<group>"; };
		4612904F29E1B910006D4302 /* LTVersionCheck.m */ = {isa = PBXFileReference; fileEncoding = 4; lastKnownFileType = sourcecode.c.objc; path = LTVersionCheck.m; sourceTree = "<group>"; };
		4612905029E1B910006D4302 /* LTPopup.m */ = {isa = PBXFileReference; fileEncoding = 4; lastKnownFileType = sourcecode.c.objc; path = LTPopup.m; sourceTree = "<group>"; };
		462F8DD926E1877500B31B1A /* LTMidi.h */ = {isa = PBXFileReference; fileEncoding = 4; lastKnownFileType = sourcecode.c.h; path = LTMidi.h; sourceTree = "<group>"; };
		4636F40D29C104DF006CFB3E /* blink-32.png */ = {isa = PBXFileReference; lastKnownFileType = image.png; path = "blink-32.png"; sourceTree = "<group>"; };
		4636F40E29C104DF006CFB3E /* blink-512.png */ = {isa = PBXFileReference; lastKnownFileType = image.png; path = "blink-512.png"; sourceTree = "<group>"; };
		4636F40F29C104DF006CFB3E /* blink-256.png */ = {isa = PBXFileReference; lastKnownFileType = image.png; path = "blink-256.png"; sourceTree = "<group>"; };
		4636F41029C104DF006CFB3E /* blink-16.png */ = {isa = PBXFileReference; lastKnownFileType = image.png; path = "blink-16.png"; sourceTree = "<group>"; };
		4636F41129C104DF006CFB3E /* blink-128.png */ = {isa = PBXFileReference; lastKnownFileType = image.png; path = "blink-128.png"; sourceTree = "<group>"; };
		4636F41229C104DF006CFB3E /* blink-64.png */ = {isa = PBXFileReference; lastKnownFileType = image.png; path = "blink-64.png"; sourceTree = "<group>"; };
		4636F41329C104DF006CFB3E /* blink-1024.png */ = {isa = PBXFileReference; lastKnownFileType = image.png; path = "blink-1024.png"; sourceTree = "<group>"; };
		463852E42D8B1AE6001302A4 /* LTColors.h */ = {isa = PBXFileReference; lastKnownFileType = sourcecode.c.h; path = LTColors.h; sourceTree = "<group>"; };
		4649A2F026DCF8B5006A38B8 /* MIDIBlinker.app */ = {isa = PBXFileReference; explicitFileType = wrapper.application; includeInIndex = 0; path = MIDIBlinker.app; sourceTree = BUILT_PRODUCTS_DIR; };
		4649A2F326DCF8B5006A38B8 /* AppDelegate.h */ = {isa = PBXFileReference; lastKnownFileType = sourcecode.c.h; path = AppDelegate.h; sourceTree = "<group>"; };
		4649A2F426DCF8B5006A38B8 /* AppDelegate.m */ = {isa = PBXFileReference; lastKnownFileType = sourcecode.c.objc; path = AppDelegate.m; sourceTree = "<group>"; };
		4649A2F626DCF8B6006A38B8 /* Assets.xcassets */ = {isa = PBXFileReference; lastKnownFileType = folder.assetcatalog; path = Assets.xcassets; sourceTree = "<group>"; };
		4649A2F926DCF8B6006A38B8 /* Base */ = {isa = PBXFileReference; lastKnownFileType = file.xib; name = Base; path = Base.lproj/MainMenu.xib; sourceTree = "<group>"; };
		4649A2FB26DCF8B6006A38B8 /* Info.plist */ = {isa = PBXFileReference; lastKnownFileType = text.plist.xml; path = Info.plist; sourceTree = "<group>"; };
		4649A2FC26DCF8B6006A38B8 /* main.m */ = {isa = PBXFileReference; lastKnownFileType = sourcecode.c.objc; path = main.m; sourceTree = "<group>"; };
		4649A2FE26DCF8B6006A38B8 /* MIDIBlinker.entitlements */ = {isa = PBXFileReference; lastKnownFileType = text.plist.entitlements; path = MIDIBlinker.entitlements; sourceTree = "<group>"; };
		4649A30726DD8EAA006A38B8 /* LTPrefs.h */ = {isa = PBXFileReference; lastKnownFileType = sourcecode.c.h; path = LTPrefs.h; sourceTree = "<group>"; };
		4649A30826DD8EAA006A38B8 /* LTPrefs.m */ = {isa = PBXFileReference; lastKnownFileType = sourcecode.c.objc; path = LTPrefs.m; sourceTree = "<group>"; };
		4649A30926DD8EAA006A38B8 /* LTPrefs.xib */ = {isa = PBXFileReference; lastKnownFileType = file.xib; path = LTPrefs.xib; sourceTree = "<group>"; };
		46BDD5D4299D43FF006FF928 /* Credits.html */ = {isa = PBXFileReference; fileEncoding = 4; lastKnownFileType = text.html; path = Credits.html; sourceTree = "<group>"; };
		46BDD5E4299D73D1006FF928 /* help */ = {isa = PBXFileReference; lastKnownFileType = folder; path = help; sourceTree = "<group>"; };
		46C4BB9E29A000E9004F9F2D /* LTLog.h */ = {isa = PBXFileReference; lastKnownFileType = sourcecode.c.h; path = LTLog.h; sourceTree = "<group>"; };
/* End PBXFileReference section */

/* Begin PBXFrameworksBuildPhase section */
		4649A2ED26DCF8B5006A38B8 /* Frameworks */ = {
			isa = PBXFrameworksBuildPhase;
			buildActionMask = 2147483647;
			files = (
			);
			runOnlyForDeploymentPostprocessing = 0;
		};
/* End PBXFrameworksBuildPhase section */

/* Begin PBXGroup section */
		462F8DC826E1802800B31B1A /* Resources */ = {
			isa = PBXGroup;
			children = (
				46BDD5E4299D73D1006FF928 /* help */,
				4636F41029C104DF006CFB3E /* blink-16.png */,
				4636F40D29C104DF006CFB3E /* blink-32.png */,
				4636F41229C104DF006CFB3E /* blink-64.png */,
				4636F41129C104DF006CFB3E /* blink-128.png */,
				4636F40F29C104DF006CFB3E /* blink-256.png */,
				4636F40E29C104DF006CFB3E /* blink-512.png */,
				4636F41329C104DF006CFB3E /* blink-1024.png */,
				46BDD5D4299D43FF006FF928 /* Credits.html */,
			);
			path = Resources;
			sourceTree = "<group>";
		};
		462F8DD726E1874E00B31B1A /* Common */ = {
			isa = PBXGroup;
			children = (
				46C4BB9E29A000E9004F9F2D /* LTLog.h */,
				462F8DD926E1877500B31B1A /* LTMidi.h */,
				463852E42D8B1AE6001302A4 /* LTColors.h */,
				4612904E29E1B910006D4302 /* LTVersionCheck.h */,
				4612904F29E1B910006D4302 /* LTVersionCheck.m */,
				4612904C29E1B910006D4302 /* LTPopup.h */,
				4612905029E1B910006D4302 /* LTPopup.m */,
				4612904D29E1B910006D4302 /* LTPopup.xib */,
			);
			name = Common;
			path = ../LTCommon;
			sourceTree = "<group>";
		};
		4649A2E726DCF8B5006A38B8 = {
			isa = PBXGroup;
			children = (
				4649A2F226DCF8B5006A38B8 /* Source */,
				462F8DD726E1874E00B31B1A /* Common */,
				462F8DC826E1802800B31B1A /* Resources */,
				4649A2F126DCF8B5006A38B8 /* Products */,
			);
			sourceTree = "<group>";
			wrapsLines = 0;
		};
		4649A2F126DCF8B5006A38B8 /* Products */ = {
			isa = PBXGroup;
			children = (
				4649A2F026DCF8B5006A38B8 /* MIDIBlinker.app */,
			);
			name = Products;
			sourceTree = "<group>";
		};
		4649A2F226DCF8B5006A38B8 /* Source */ = {
			isa = PBXGroup;
			children = (
				4649A2F326DCF8B5006A38B8 /* AppDelegate.h */,
				4649A2F426DCF8B5006A38B8 /* AppDelegate.m */,
				4649A30726DD8EAA006A38B8 /* LTPrefs.h */,
				4649A30826DD8EAA006A38B8 /* LTPrefs.m */,
				4649A30926DD8EAA006A38B8 /* LTPrefs.xib */,
				4649A2FC26DCF8B6006A38B8 /* main.m */,
				4649A2F626DCF8B6006A38B8 /* Assets.xcassets */,
				4649A2F826DCF8B6006A38B8 /* MainMenu.xib */,
				4649A2FB26DCF8B6006A38B8 /* Info.plist */,
				4649A2FE26DCF8B6006A38B8 /* MIDIBlinker.entitlements */,
			);
			path = Source;
			sourceTree = "<group>";
		};
/* End PBXGroup section */

/* Begin PBXNativeTarget section */
		4649A2EF26DCF8B5006A38B8 /* MIDIBlinker */ = {
			isa = PBXNativeTarget;
			buildConfigurationList = 4649A30126DCF8B6006A38B8 /* Build configuration list for PBXNativeTarget "MIDIBlinker" */;
			buildPhases = (
				4649A2EC26DCF8B5006A38B8 /* Sources */,
				4649A2ED26DCF8B5006A38B8 /* Frameworks */,
				4649A2EE26DCF8B5006A38B8 /* Resources */,
			);
			buildRules = (
			);
			dependencies = (
			);
			name = MIDIBlinker;
			productName = MIDIBlinker;
			productReference = 4649A2F026DCF8B5006A38B8 /* MIDIBlinker.app */;
			productType = "com.apple.product-type.application";
		};
/* End PBXNativeTarget section */

/* Begin PBXProject section */
		4649A2E826DCF8B5006A38B8 /* Project object */ = {
			isa = PBXProject;
			attributes = {
				BuildIndependentTargetsInParallel = YES;
				LastUpgradeCheck = 1620;
				ORGANIZATIONNAME = "Larry Taylor";
				TargetAttributes = {
					4649A2EF26DCF8B5006A38B8 = {
						CreatedOnToolsVersion = 11.3.1;
					};
				};
			};
			buildConfigurationList = 4649A2EB26DCF8B5006A38B8 /* Build configuration list for PBXProject "MIDIBlinker" */;
			compatibilityVersion = "Xcode 9.3";
			developmentRegion = en;
			hasScannedForEncodings = 0;
			knownRegions = (
				en,
				Base,
			);
			mainGroup = 4649A2E726DCF8B5006A38B8;
			productRefGroup = 4649A2F126DCF8B5006A38B8 /* Products */;
			projectDirPath = "";
			projectRoot = "";
			targets = (
				4649A2EF26DCF8B5006A38B8 /* MIDIBlinker */,
			);
		};
/* End PBXProject section */

/* Begin PBXResourcesBuildPhase section */
		4649A2EE26DCF8B5006A38B8 /* Resources */ = {
			isa = PBXResourcesBuildPhase;
			buildActionMask = 2147483647;
			files = (
				46BDD5D5299D43FF006FF928 /* Credits.html in Resources */,
				4636F41A29C104DF006CFB3E /* blink-1024.png in Resources */,
				4636F41429C104DF006CFB3E /* blink-32.png in Resources */,
				4636F41729C104DF006CFB3E /* blink-16.png in Resources */,
				4636F41529C104DF006CFB3E /* blink-512.png in Resources */,
				4649A2F726DCF8B6006A38B8 /* Assets.xcassets in Resources */,
				4636F41929C104DF006CFB3E /* blink-64.png in Resources */,
				4636F41829C104DF006CFB3E /* blink-128.png in Resources */,
				4612905129E1B910006D4302 /* LTPopup.xib in Resources */,
				46BDD5E5299D73D1006FF928 /* help in Resources */,
				4636F41629C104DF006CFB3E /* blink-256.png in Resources */,
				4649A30B26DD8EAA006A38B8 /* LTPrefs.xib in Resources */,
				4649A2FA26DCF8B6006A38B8 /* MainMenu.xib in Resources */,
			);
			runOnlyForDeploymentPostprocessing = 0;
		};
/* End PBXResourcesBuildPhase section */

/* Begin PBXSourcesBuildPhase section */
		4649A2EC26DCF8B5006A38B8 /* Sources */ = {
			isa = PBXSourcesBuildPhase;
			buildActionMask = 2147483647;
			files = (
				4649A30A26DD8EAA006A38B8 /* LTPrefs.m in Sources */,
				4649A2FD26DCF8B6006A38B8 /* main.m in Sources */,
				4649A2F526DCF8B5006A38B8 /* AppDelegate.m in Sources */,
				4612905329E1B910006D4302 /* LTPopup.m in Sources */,
				4612905229E1B910006D4302 /* LTVersionCheck.m in Sources */,
			);
			runOnlyForDeploymentPostprocessing = 0;
		};
/* End PBXSourcesBuildPhase section */

/* Begin PBXVariantGroup section */
		4649A2F826DCF8B6006A38B8 /* MainMenu.xib */ = {
			isa = PBXVariantGroup;
			children = (
				4649A2F926DCF8B6006A38B8 /* Base */,
			);
			name = MainMenu.xib;
			sourceTree = "<group>";
		};
/* End PBXVariantGroup section */

/* Begin XCBuildConfiguration section */
		4649A2FF26DCF8B6006A38B8 /* Debug */ = {
			isa = XCBuildConfiguration;
			buildSettings = {
				ALWAYS_SEARCH_USER_PATHS = NO;
				CLANG_ANALYZER_NONNULL = YES;
				CLANG_ANALYZER_NUMBER_OBJECT_CONVERSION = YES_AGGRESSIVE;
				CLANG_CXX_LANGUAGE_STANDARD = "gnu++14";
				CLANG_CXX_LIBRARY = "libc++";
				CLANG_ENABLE_MODULES = YES;
				CLANG_ENABLE_OBJC_ARC = YES;
				CLANG_ENABLE_OBJC_WEAK = YES;
				CLANG_WARN_BLOCK_CAPTURE_AUTORELEASING = YES;
				CLANG_WARN_BOOL_CONVERSION = YES;
				CLANG_WARN_COMMA = YES;
				CLANG_WARN_CONSTANT_CONVERSION = YES;
				CLANG_WARN_DEPRECATED_OBJC_IMPLEMENTATIONS = YES;
				CLANG_WARN_DIRECT_OBJC_ISA_USAGE = YES_ERROR;
				CLANG_WARN_DOCUMENTATION_COMMENTS = YES;
				CLANG_WARN_EMPTY_BODY = YES;
				CLANG_WARN_ENUM_CONVERSION = YES;
				CLANG_WARN_INFINITE_RECURSION = YES;
				CLANG_WARN_INT_CONVERSION = YES;
				CLANG_WARN_NON_LITERAL_NULL_CONVERSION = YES;
				CLANG_WARN_OBJC_IMPLICIT_RETAIN_SELF = YES;
				CLANG_WARN_OBJC_LITERAL_CONVERSION = YES;
				CLANG_WARN_OBJC_ROOT_CLASS = YES_ERROR;
				CLANG_WARN_QUOTED_INCLUDE_IN_FRAMEWORK_HEADER = YES;
				CLANG_WARN_RANGE_LOOP_ANALYSIS = YES;
				CLANG_WARN_STRICT_PROTOTYPES = YES;
				CLANG_WARN_SUSPICIOUS_MOVE = YES;
				CLANG_WARN_UNGUARDED_AVAILABILITY = YES_AGGRESSIVE;
				CLANG_WARN_UNREACHABLE_CODE = YES;
				CLANG_WARN__DUPLICATE_METHOD_MATCH = YES;
				COPY_PHASE_STRIP = NO;
				DEAD_CODE_STRIPPING = YES;
				DEBUG_INFORMATION_FORMAT = "dwarf-with-dsym";
				ENABLE_STRICT_OBJC_MSGSEND = YES;
				ENABLE_TESTABILITY = YES;
				ENABLE_USER_SCRIPT_SANDBOXING = YES;
				GCC_C_LANGUAGE_STANDARD = gnu11;
				GCC_DYNAMIC_NO_PIC = NO;
				GCC_NO_COMMON_BLOCKS = YES;
				GCC_OPTIMIZATION_LEVEL = 0;
				GCC_PREPROCESSOR_DEFINITIONS = (
					"DEBUG=1",
					"$(inherited)",
				);
				GCC_WARN_64_TO_32_BIT_CONVERSION = YES;
				GCC_WARN_ABOUT_RETURN_TYPE = YES_ERROR;
				GCC_WARN_UNDECLARED_SELECTOR = YES;
				GCC_WARN_UNINITIALIZED_AUTOS = YES_AGGRESSIVE;
				GCC_WARN_UNUSED_FUNCTION = YES;
				GCC_WARN_UNUSED_VARIABLE = YES;
				MACOSX_DEPLOYMENT_TARGET = 10.13;
				MTL_ENABLE_DEBUG_INFO = INCLUDE_SOURCE;
				MTL_FAST_MATH = YES;
				ONLY_ACTIVE_ARCH = YES;
				SDKROOT = macosx;
			};
			name = Debug;
		};
		4649A30026DCF8B6006A38B8 /* Release */ = {
			isa = XCBuildConfiguration;
			buildSettings = {
				ALWAYS_SEARCH_USER_PATHS = NO;
				CLANG_ANALYZER_NONNULL = YES;
				CLANG_ANALYZER_NUMBER_OBJECT_CONVERSION = YES_AGGRESSIVE;
				CLANG_CXX_LANGUAGE_STANDARD = "gnu++14";
				CLANG_CXX_LIBRARY = "libc++";
				CLANG_ENABLE_MODULES = YES;
				CLANG_ENABLE_OBJC_ARC = YES;
				CLANG_ENABLE_OBJC_WEAK = YES;
				CLANG_WARN_BLOCK_CAPTURE_AUTORELEASING = YES;
				CLANG_WARN_BOOL_CONVERSION = YES;
				CLANG_WARN_COMMA = YES;
				CLANG_WARN_CONSTANT_CONVERSION = YES;
				CLANG_WARN_DEPRECATED_OBJC_IMPLEMENTATIONS = YES;
				CLANG_WARN_DIRECT_OBJC_ISA_USAGE = YES_ERROR;
				CLANG_WARN_DOCUMENTATION_COMMENTS = YES;
				CLANG_WARN_EMPTY_BODY = YES;
				CLANG_WARN_ENUM_CONVERSION = YES;
				CLANG_WARN_INFINITE_RECURSION = YES;
				CLANG_WARN_INT_CONVERSION = YES;
				CLANG_WARN_NON_LITERAL_NULL_CONVERSION = YES;
				CLANG_WARN_OBJC_IMPLICIT_RETAIN_SELF = YES;
				CLANG_WARN_OBJC_LITERAL_CONVERSION = YES;
				CLANG_WARN_OBJC_ROOT_CLASS = YES_ERROR;
				CLANG_WARN_QUOTED_INCLUDE_IN_FRAMEWORK_HEADER = YES;
				CLANG_WARN_RANGE_LOOP_ANALYSIS = YES;
				CLANG_WARN_STRICT_PROTOTYPES = YES;
				CLANG_WARN_SUSPICIOUS_MOVE = YES;
				CLANG_WARN_UNGUARDED_AVAILABILITY = YES_AGGRESSIVE;
				CLANG_WARN_UNREACHABLE_CODE = YES;
				CLANG_WARN__DUPLICATE_METHOD_MATCH = YES;
				COPY_PHASE_STRIP = NO;
				DEAD_CODE_STRIPPING = YES;
				DEBUG_INFORMATION_FORMAT = "dwarf-with-dsym";
				ENABLE_NS_ASSERTIONS = NO;
				ENABLE_STRICT_OBJC_MSGSEND = YES;
				ENABLE_USER_SCRIPT_SANDBOXING = YES;
				GCC_C_LANGUAGE_STANDARD = gnu11;
				GCC_NO_COMMON_BLOCKS = YES;
				GCC_WARN_64_TO_32_BIT_CONVERSION = YES;
				GCC_WARN_ABOUT_RETURN_TYPE = YES_ERROR;
				GCC_WARN_UNDECLARED_SELECTOR = YES;
				GCC_WARN_UNINITIALIZED_AUTOS = YES_AGGRESSIVE;
				GCC_WARN_UNUSED_FUNCTION = YES;
				GCC_WARN_UNUSED_VARIABLE = YES;
				MACOSX_DEPLOYMENT_TARGET = 10.13;
				MTL_ENABLE_DEBUG_INFO = NO;
				MTL_FAST_MATH = YES;
				SDKROOT = macosx;
			};
			name = Release;
		};
		4649A30226DCF8B6006A38B8 /* Debug */ = {
			isa = XCBuildConfiguration;
			buildSettings = {
				ASSETCATALOG_COMPILER_APPICON_NAME = AppIcon;
				CODE_SIGN_ENTITLEMENTS = Source/MIDIBlinker.entitlements;
				CODE_SIGN_IDENTITY = "Apple Development";
				"CODE_SIGN_IDENTITY[sdk=macosx*]" = "-";
				CODE_SIGN_STYLE = Automatic;
				COMBINE_HIDPI_IMAGES = YES;
				CURRENT_PROJECT_VERSION = 6;
				DEAD_CODE_STRIPPING = YES;
				DEVELOPMENT_TEAM = "";
				ENABLE_HARDENED_RUNTIME = YES;
				INFOPLIST_FILE = Source/Info.plist;
				LD_RUNPATH_SEARCH_PATHS = (
					"$(inherited)",
					"@executable_path/../Frameworks",
				);
				MACOSX_DEPLOYMENT_TARGET = 10.13;
				MARKETING_VERSION = 2.2.1;
				PRODUCT_BUNDLE_IDENTIFIER = com.larrymtaylor.MIDIBlinker;
				PRODUCT_NAME = "$(TARGET_NAME)";
			};
			name = Debug;
		};
		4649A30326DCF8B6006A38B8 /* Release */ = {
			isa = XCBuildConfiguration;
			buildSettings = {
				ASSETCATALOG_COMPILER_APPICON_NAME = AppIcon;
				CODE_SIGN_ENTITLEMENTS = Source/MIDIBlinker.entitlements;
				CODE_SIGN_IDENTITY = "Apple Development";
				"CODE_SIGN_IDENTITY[sdk=macosx*]" = "-";
				CODE_SIGN_STYLE = Automatic;
				COMBINE_HIDPI_IMAGES = YES;
				CURRENT_PROJECT_VERSION = 6;
				DEAD_CODE_STRIPPING = YES;
				DEVELOPMENT_TEAM = "";
				ENABLE_HARDENED_RUNTIME = YES;
				INFOPLIST_FILE = Source/Info.plist;
				LD_RUNPATH_SEARCH_PATHS = (
					"$(inherited)",
					"@executable_path/../Frameworks",
				);
				MACOSX_DEPLOYMENT_TARGET = 10.13;
				MARKETING_VERSION = 2.2.1;
				PRODUCT_BUNDLE_IDENTIFIER = com.larrymtaylor.MIDIBlinker;
				PRODUCT_NAME = "$(TARGET_NAME)";
			};
			name = Release;
		};
/* End XCBuildConfiguration section */

/* Begin XCConfigurationList section */
		4649A2EB26DCF8B5006A38B8 /* Build configuration list for PBXProject "MIDIBlinker" */ = {
			isa = XCConfigurationList;
			buildConfigurations = (
				4649A2FF26DCF8B6006A38B8 /* Debug */,
				4649A30026DCF8B6006A38B8 /* Release */,
			);
			defaultConfigurationIsVisible = 0;
			defaultConfigurationName = Release;
		};
		4649A30126DCF8B6006A38B8 /* Build configuration list for PBXNativeTarget "MIDIBlinker" */ = {
			isa = XCConfigurationList;
			buildConfigurations = (
				4649A30226DCF8B6006A38B8 /* Debug */,
				4649A30326DCF8B6006A38B8 /* Release */,
			);
			defaultConfigurationIsVisible = 0;
			defaultConfigurationName = Release;
		};
/* End XCConfigurationList section */
	};
	rootObject = 4649A2E826DCF8B5006A38B8 /* Project object */;
}
